// !$*UTF8*$!
{
	archiveVersion = 1;
	classes = {
	};
	objectVersion = 50;
	objects = {

/* Begin PBXAggregateTarget section */
		CFC966AC20BE6E2800934C6A /* SPTarget */ = {
			isa = PBXAggregateTarget;
			buildConfigurationList = CFC966AD20BE6E2800934C6A /* Build configuration list for PBXAggregateTarget "SPTarget" */;
			buildPhases = (
				CFC966B020BE6E2F00934C6A /* ShellScript */,
			);
			dependencies = (
			);
			name = SPTarget;
			productName = SPTarget;
		};
/* End PBXAggregateTarget section */

/* Begin PBXBuildFile section */
		CF3603B920BEEBBC009B38B2 /* NSObject+Helper.h in Headers */ = {isa = PBXBuildFile; fileRef = CF3603B720BEEBBC009B38B2 /* NSObject+Helper.h */; settings = {ATTRIBUTES = (Public, ); }; };
		CF3603BA20BEEBBC009B38B2 /* NSObject+Helper.m in Sources */ = {isa = PBXBuildFile; fileRef = CF3603B820BEEBBC009B38B2 /* NSObject+Helper.m */; };
		CF36048E20C0DEBE009B38B2 /* UIViewController+Helper.h in Headers */ = {isa = PBXBuildFile; fileRef = CF36048C20C0DEBE009B38B2 /* UIViewController+Helper.h */; settings = {ATTRIBUTES = (Public, ); }; };
		CF36048F20C0DEBE009B38B2 /* UIViewController+Helper.m in Sources */ = {isa = PBXBuildFile; fileRef = CF36048D20C0DEBE009B38B2 /* UIViewController+Helper.m */; };
		CFC9669420BE6CDC00934C6A /* SPFramework.framework in Frameworks */ = {isa = PBXBuildFile; fileRef = CFC9668A20BE6CDC00934C6A /* SPFramework.framework */; };
		CFC9669920BE6CDC00934C6A /* SPFrameworkTests.m in Sources */ = {isa = PBXBuildFile; fileRef = CFC9669820BE6CDC00934C6A /* SPFrameworkTests.m */; };
		CFC9669B20BE6CDC00934C6A /* SPFramework.h in Headers */ = {isa = PBXBuildFile; fileRef = CFC9668D20BE6CDC00934C6A /* SPFramework.h */; settings = {ATTRIBUTES = (Public, ); }; };
		CFC966A720BE6D2100934C6A /* UIView+Helper.h in Headers */ = {isa = PBXBuildFile; fileRef = CFC966A520BE6D2000934C6A /* UIView+Helper.h */; settings = {ATTRIBUTES = (Public, ); }; };
		CFC966A820BE6D2100934C6A /* UIView+Helper.m in Sources */ = {isa = PBXBuildFile; fileRef = CFC966A620BE6D2000934C6A /* UIView+Helper.m */; };
/* End PBXBuildFile section */

/* Begin PBXContainerItemProxy section */
		CFC9669520BE6CDC00934C6A /* PBXContainerItemProxy */ = {
			isa = PBXContainerItemProxy;
			containerPortal = CFC9668120BE6CDC00934C6A /* Project object */;
			proxyType = 1;
			remoteGlobalIDString = CFC9668920BE6CDC00934C6A;
			remoteInfo = SPFramework;
		};
/* End PBXContainerItemProxy section */

/* Begin PBXFileReference section */
		CF3603B720BEEBBC009B38B2 /* NSObject+Helper.h */ = {isa = PBXFileReference; fileEncoding = 4; lastKnownFileType = sourcecode.c.h; path = "NSObject+Helper.h"; sourceTree = "<group>"; };
		CF3603B820BEEBBC009B38B2 /* NSObject+Helper.m */ = {isa = PBXFileReference; fileEncoding = 4; lastKnownFileType = sourcecode.c.objc; path = "NSObject+Helper.m"; sourceTree = "<group>"; };
		CF36048C20C0DEBE009B38B2 /* UIViewController+Helper.h */ = {isa = PBXFileReference; lastKnownFileType = sourcecode.c.h; path = "UIViewController+Helper.h"; sourceTree = "<group>"; };
		CF36048D20C0DEBE009B38B2 /* UIViewController+Helper.m */ = {isa = PBXFileReference; lastKnownFileType = sourcecode.c.objc; path = "UIViewController+Helper.m"; sourceTree = "<group>"; };
		CFC9668A20BE6CDC00934C6A /* SPFramework.framework */ = {isa = PBXFileReference; explicitFileType = wrapper.framework; includeInIndex = 0; path = SPFramework.framework; sourceTree = BUILT_PRODUCTS_DIR; };
		CFC9668D20BE6CDC00934C6A /* SPFramework.h */ = {isa = PBXFileReference; lastKnownFileType = sourcecode.c.h; path = SPFramework.h; sourceTree = "<group>"; };
		CFC9668E20BE6CDC00934C6A /* Info.plist */ = {isa = PBXFileReference; lastKnownFileType = text.plist.xml; path = Info.plist; sourceTree = "<group>"; };
		CFC9669320BE6CDC00934C6A /* SPFrameworkTests.xctest */ = {isa = PBXFileReference; explicitFileType = wrapper.cfbundle; includeInIndex = 0; path = SPFrameworkTests.xctest; sourceTree = BUILT_PRODUCTS_DIR; };
		CFC9669820BE6CDC00934C6A /* SPFrameworkTests.m */ = {isa = PBXFileReference; lastKnownFileType = sourcecode.c.objc; path = SPFrameworkTests.m; sourceTree = "<group>"; };
		CFC9669A20BE6CDC00934C6A /* Info.plist */ = {isa = PBXFileReference; lastKnownFileType = text.plist.xml; path = Info.plist; sourceTree = "<group>"; };
		CFC966A520BE6D2000934C6A /* UIView+Helper.h */ = {isa = PBXFileReference; fileEncoding = 4; lastKnownFileType = sourcecode.c.h; path = "UIView+Helper.h"; sourceTree = "<group>"; };
		CFC966A620BE6D2000934C6A /* UIView+Helper.m */ = {isa = PBXFileReference; fileEncoding = 4; lastKnownFileType = sourcecode.c.objc; path = "UIView+Helper.m"; sourceTree = "<group>"; };
/* End PBXFileReference section */

/* Begin PBXFrameworksBuildPhase section */
		CFC9668620BE6CDC00934C6A /* Frameworks */ = {
			isa = PBXFrameworksBuildPhase;
			buildActionMask = 2147483647;
			files = (
			);
			runOnlyForDeploymentPostprocessing = 0;
		};
		CFC9669020BE6CDC00934C6A /* Frameworks */ = {
			isa = PBXFrameworksBuildPhase;
			buildActionMask = 2147483647;
			files = (
				CFC9669420BE6CDC00934C6A /* SPFramework.framework in Frameworks */,
			);
			runOnlyForDeploymentPostprocessing = 0;
		};
/* End PBXFrameworksBuildPhase section */

/* Begin PBXGroup section */
		CF3603B620BEEB93009B38B2 /* Tools */ = {
			isa = PBXGroup;
			children = (
				CF3603B720BEEBBC009B38B2 /* NSObject+Helper.h */,
				CF3603B820BEEBBC009B38B2 /* NSObject+Helper.m */,
			);
			path = Tools;
			sourceTree = "<group>";
		};
		CFC9668020BE6CDC00934C6A = {
			isa = PBXGroup;
			children = (
				CFC9668C20BE6CDC00934C6A /* SPFramework */,
				CFC9669720BE6CDC00934C6A /* SPFrameworkTests */,
				CFC9668B20BE6CDC00934C6A /* Products */,
			);
			sourceTree = "<group>";
		};
		CFC9668B20BE6CDC00934C6A /* Products */ = {
			isa = PBXGroup;
			children = (
				CFC9668A20BE6CDC00934C6A /* SPFramework.framework */,
				CFC9669320BE6CDC00934C6A /* SPFrameworkTests.xctest */,
			);
			name = Products;
			sourceTree = "<group>";
		};
		CFC9668C20BE6CDC00934C6A /* SPFramework */ = {
			isa = PBXGroup;
			children = (
				CF3603B620BEEB93009B38B2 /* Tools */,
				CFC966A420BE6CE500934C6A /* UITools */,
				CFC9668D20BE6CDC00934C6A /* SPFramework.h */,
				CFC9668E20BE6CDC00934C6A /* Info.plist */,
			);
			path = SPFramework;
			sourceTree = "<group>";
		};
		CFC9669720BE6CDC00934C6A /* SPFrameworkTests */ = {
			isa = PBXGroup;
			children = (
				CFC9669820BE6CDC00934C6A /* SPFrameworkTests.m */,
				CFC9669A20BE6CDC00934C6A /* Info.plist */,
			);
			path = SPFrameworkTests;
			sourceTree = "<group>";
		};
		CFC966A420BE6CE500934C6A /* UITools */ = {
			isa = PBXGroup;
			children = (
				CFC966A520BE6D2000934C6A /* UIView+Helper.h */,
				CFC966A620BE6D2000934C6A /* UIView+Helper.m */,
				CF36048C20C0DEBE009B38B2 /* UIViewController+Helper.h */,
				CF36048D20C0DEBE009B38B2 /* UIViewController+Helper.m */,
			);
			path = UITools;
			sourceTree = "<group>";
		};
/* End PBXGroup section */

/* Begin PBXHeadersBuildPhase section */
		CFC9668720BE6CDC00934C6A /* Headers */ = {
			isa = PBXHeadersBuildPhase;
			buildActionMask = 2147483647;
			files = (
				CFC9669B20BE6CDC00934C6A /* SPFramework.h in Headers */,
				CFC966A720BE6D2100934C6A /* UIView+Helper.h in Headers */,
				CF3603B920BEEBBC009B38B2 /* NSObject+Helper.h in Headers */,
				CF36048E20C0DEBE009B38B2 /* UIViewController+Helper.h in Headers */,
			);
			runOnlyForDeploymentPostprocessing = 0;
		};
/* End PBXHeadersBuildPhase section */

/* Begin PBXNativeTarget section */
		CFC9668920BE6CDC00934C6A /* SPFramework */ = {
			isa = PBXNativeTarget;
			buildConfigurationList = CFC9669E20BE6CDC00934C6A /* Build configuration list for PBXNativeTarget "SPFramework" */;
			buildPhases = (
				CFC9668520BE6CDC00934C6A /* Sources */,
				CFC9668620BE6CDC00934C6A /* Frameworks */,
				CFC9668720BE6CDC00934C6A /* Headers */,
				CFC9668820BE6CDC00934C6A /* Resources */,
			);
			buildRules = (
			);
			dependencies = (
			);
			name = SPFramework;
			productName = SPFramework;
			productReference = CFC9668A20BE6CDC00934C6A /* SPFramework.framework */;
			productType = "com.apple.product-type.framework";
		};
		CFC9669220BE6CDC00934C6A /* SPFrameworkTests */ = {
			isa = PBXNativeTarget;
			buildConfigurationList = CFC966A120BE6CDC00934C6A /* Build configuration list for PBXNativeTarget "SPFrameworkTests" */;
			buildPhases = (
				CFC9668F20BE6CDC00934C6A /* Sources */,
				CFC9669020BE6CDC00934C6A /* Frameworks */,
				CFC9669120BE6CDC00934C6A /* Resources */,
			);
			buildRules = (
			);
			dependencies = (
				CFC9669620BE6CDC00934C6A /* PBXTargetDependency */,
			);
			name = SPFrameworkTests;
			productName = SPFrameworkTests;
			productReference = CFC9669320BE6CDC00934C6A /* SPFrameworkTests.xctest */;
			productType = "com.apple.product-type.bundle.unit-test";
		};
/* End PBXNativeTarget section */

/* Begin PBXProject section */
		CFC9668120BE6CDC00934C6A /* Project object */ = {
			isa = PBXProject;
			attributes = {
				LastUpgradeCheck = 0930;
				ORGANIZATIONNAME = supan;
				TargetAttributes = {
					CFC9668920BE6CDC00934C6A = {
						CreatedOnToolsVersion = 9.3;
					};
					CFC9669220BE6CDC00934C6A = {
						CreatedOnToolsVersion = 9.3;
					};
					CFC966AC20BE6E2800934C6A = {
						CreatedOnToolsVersion = 9.3;
					};
				};
			};
			buildConfigurationList = CFC9668420BE6CDC00934C6A /* Build configuration list for PBXProject "SPFramework" */;
			compatibilityVersion = "Xcode 9.3";
			developmentRegion = en;
			hasScannedForEncodings = 0;
			knownRegions = (
				en,
			);
			mainGroup = CFC9668020BE6CDC00934C6A;
			productRefGroup = CFC9668B20BE6CDC00934C6A /* Products */;
			projectDirPath = "";
			projectRoot = "";
			targets = (
				CFC9668920BE6CDC00934C6A /* SPFramework */,
				CFC9669220BE6CDC00934C6A /* SPFrameworkTests */,
				CFC966AC20BE6E2800934C6A /* SPTarget */,
			);
		};
/* End PBXProject section */

/* Begin PBXResourcesBuildPhase section */
		CFC9668820BE6CDC00934C6A /* Resources */ = {
			isa = PBXResourcesBuildPhase;
			buildActionMask = 2147483647;
			files = (
			);
			runOnlyForDeploymentPostprocessing = 0;
		};
		CFC9669120BE6CDC00934C6A /* Resources */ = {
			isa = PBXResourcesBuildPhase;
			buildActionMask = 2147483647;
			files = (
			);
			runOnlyForDeploymentPostprocessing = 0;
		};
/* End PBXResourcesBuildPhase section */

/* Begin PBXShellScriptBuildPhase section */
		CFC966B020BE6E2F00934C6A /* ShellScript */ = {
			isa = PBXShellScriptBuildPhase;
			buildActionMask = 2147483647;
			files = (
			);
			inputPaths = (
			);
			outputPaths = (
			);
			runOnlyForDeploymentPostprocessing = 0;
			shellPath = /bin/sh;
			shellScript = "#!/bin/sh\n#要build的target名\nTARGET_NAME=${PROJECT_NAME}\nif [[ $1 ]]\nthen\nTARGET_NAME=$1\nfi\nUNIVERSAL_OUTPUT_FOLDER=\"${SRCROOT}/${PROJECT_NAME}/\"\n\n#创建输出目录，并删除之前的framework文件\nmkdir -p \"${UNIVERSAL_OUTPUT_FOLDER}\"\nrm -rf \"${UNIVERSAL_OUTPUT_FOLDER}/${TARGET_NAME}.framework\"\n\n#分别编译模拟器和真机的Framework\nxcodebuild -target \"${TARGET_NAME}\" ONLY_ACTIVE_ARCH=NO -configuration ${CONFIGURATION} -sdk iphoneos BUILD_DIR=\"${BUILD_DIR}\" BUILD_ROOT=\"${BUILD_ROOT}\" clean build\nxcodebuild -target \"${TARGET_NAME}\" ONLY_ACTIVE_ARCH=NO -configuration ${CONFIGURATION} -sdk iphonesimulator BUILD_DIR=\"${BUILD_DIR}\" BUILD_ROOT=\"${BUILD_ROOT}\" clean build\n\n#拷贝framework到univer目录\ncp -R \"${BUILD_DIR}/${CONFIGURATION}-iphonesimulator/${TARGET_NAME}.framework\" \"${UNIVERSAL_OUTPUT_FOLDER}\"\n\n#合并framework，输出最终的framework到build目录\nlipo -create -output \"${UNIVERSAL_OUTPUT_FOLDER}/${TARGET_NAME}.framework/${TARGET_NAME}\" \"${BUILD_DIR}/${CONFIGURATION}-iphonesimulator/${TARGET_NAME}.framework/${TARGET_NAME}\" \"${BUILD_DIR}/${CONFIGURATION}-iphoneos/${TARGET_NAME}.framework/${TARGET_NAME}\"\n\n#删除编译之后生成的无关的配置文件\ndir_path=\"${UNIVERSAL_OUTPUT_FOLDER}/${TARGET_NAME}.framework/\"\nfor file in ls $dir_path\ndo\nif [[ ${file} =~ \".xcconfig\" ]]\nthen\nrm -f \"${dir_path}/${file}\"\nfi\ndone\n#判断build文件夹是否存在，存在则删除\nif [ -d \"${SRCROOT}/build\" ]\nthen\nrm -rf \"${SRCROOT}/build\"\nfi\nrm -rf \"${BUILD_DIR}/${CONFIGURATION}-iphonesimulator\" \"${BUILD_DIR}/${CONFIGURATION}-iphoneos\"\n#打开合并后的文件夹\nopen \"${UNIVERSAL_OUTPUT_FOLDER}\"\n\n";
		};
/* End PBXShellScriptBuildPhase section */

/* Begin PBXSourcesBuildPhase section */
		CFC9668520BE6CDC00934C6A /* Sources */ = {
			isa = PBXSourcesBuildPhase;
			buildActionMask = 2147483647;
			files = (
				CF3603BA20BEEBBC009B38B2 /* NSObject+Helper.m in Sources */,
				CFC966A820BE6D2100934C6A /* UIView+Helper.m in Sources */,
				CF36048F20C0DEBE009B38B2 /* UIViewController+Helper.m in Sources */,
			);
			runOnlyForDeploymentPostprocessing = 0;
		};
		CFC9668F20BE6CDC00934C6A /* Sources */ = {
			isa = PBXSourcesBuildPhase;
			buildActionMask = 2147483647;
			files = (
				CFC9669920BE6CDC00934C6A /* SPFrameworkTests.m in Sources */,
			);
			runOnlyForDeploymentPostprocessing = 0;
		};
/* End PBXSourcesBuildPhase section */

/* Begin PBXTargetDependency section */
		CFC9669620BE6CDC00934C6A /* PBXTargetDependency */ = {
			isa = PBXTargetDependency;
			target = CFC9668920BE6CDC00934C6A /* SPFramework */;
			targetProxy = CFC9669520BE6CDC00934C6A /* PBXContainerItemProxy */;
		};
/* End PBXTargetDependency section */

/* Begin XCBuildConfiguration section */
		CFC9669C20BE6CDC00934C6A /* Debug */ = {
			isa = XCBuildConfiguration;
			buildSettings = {
				ALWAYS_SEARCH_USER_PATHS = NO;
				CLANG_ANALYZER_NONNULL = YES;
				CLANG_ANALYZER_NUMBER_OBJECT_CONVERSION = YES_AGGRESSIVE;
				CLANG_CXX_LANGUAGE_STANDARD = "gnu++14";
				CLANG_CXX_LIBRARY = "libc++";
				CLANG_ENABLE_MODULES = YES;
				CLANG_ENABLE_OBJC_ARC = YES;
				CLANG_ENABLE_OBJC_WEAK = YES;
				CLANG_WARN_BLOCK_CAPTURE_AUTORELEASING = YES;
				CLANG_WARN_BOOL_CONVERSION = YES;
				CLANG_WARN_COMMA = YES;
				CLANG_WARN_CONSTANT_CONVERSION = YES;
				CLANG_WARN_DEPRECATED_OBJC_IMPLEMENTATIONS = YES;
				CLANG_WARN_DIRECT_OBJC_ISA_USAGE = YES_ERROR;
				CLANG_WARN_DOCUMENTATION_COMMENTS = YES;
				CLANG_WARN_EMPTY_BODY = YES;
				CLANG_WARN_ENUM_CONVERSION = YES;
				CLANG_WARN_INFINITE_RECURSION = YES;
				CLANG_WARN_INT_CONVERSION = YES;
				CLANG_WARN_NON_LITERAL_NULL_CONVERSION = YES;
				CLANG_WARN_OBJC_IMPLICIT_RETAIN_SELF = YES;
				CLANG_WARN_OBJC_LITERAL_CONVERSION = YES;
				CLANG_WARN_OBJC_ROOT_CLASS = YES_ERROR;
				CLANG_WARN_RANGE_LOOP_ANALYSIS = YES;
				CLANG_WARN_STRICT_PROTOTYPES = YES;
				CLANG_WARN_SUSPICIOUS_MOVE = YES;
				CLANG_WARN_UNGUARDED_AVAILABILITY = YES_AGGRESSIVE;
				CLANG_WARN_UNREACHABLE_CODE = YES;
				CLANG_WARN__DUPLICATE_METHOD_MATCH = YES;
				CODE_SIGN_IDENTITY = "iPhone Developer";
				COPY_PHASE_STRIP = NO;
				CURRENT_PROJECT_VERSION = 1;
				DEBUG_INFORMATION_FORMAT = dwarf;
				ENABLE_STRICT_OBJC_MSGSEND = YES;
				ENABLE_TESTABILITY = YES;
				GCC_C_LANGUAGE_STANDARD = gnu11;
				GCC_DYNAMIC_NO_PIC = NO;
				GCC_NO_COMMON_BLOCKS = YES;
				GCC_OPTIMIZATION_LEVEL = 0;
				GCC_PREPROCESSOR_DEFINITIONS = (
					"DEBUG=1",
					"$(inherited)",
				);
				GCC_WARN_64_TO_32_BIT_CONVERSION = YES;
				GCC_WARN_ABOUT_RETURN_TYPE = YES_ERROR;
				GCC_WARN_UNDECLARED_SELECTOR = YES;
				GCC_WARN_UNINITIALIZED_AUTOS = YES_AGGRESSIVE;
				GCC_WARN_UNUSED_FUNCTION = YES;
				GCC_WARN_UNUSED_VARIABLE = YES;
				IPHONEOS_DEPLOYMENT_TARGET = 11.3;
				MTL_ENABLE_DEBUG_INFO = YES;
				ONLY_ACTIVE_ARCH = YES;
				SDKROOT = iphoneos;
				VERSIONING_SYSTEM = "apple-generic";
				VERSION_INFO_PREFIX = "";
			};
			name = Debug;
		};
		CFC9669D20BE6CDC00934C6A /* Release */ = {
			isa = XCBuildConfiguration;
			buildSettings = {
				ALWAYS_SEARCH_USER_PATHS = NO;
				CLANG_ANALYZER_NONNULL = YES;
				CLANG_ANALYZER_NUMBER_OBJECT_CONVERSION = YES_AGGRESSIVE;
				CLANG_CXX_LANGUAGE_STANDARD = "gnu++14";
				CLANG_CXX_LIBRARY = "libc++";
				CLANG_ENABLE_MODULES = YES;
				CLANG_ENABLE_OBJC_ARC = YES;
				CLANG_ENABLE_OBJC_WEAK = YES;
				CLANG_WARN_BLOCK_CAPTURE_AUTORELEASING = YES;
				CLANG_WARN_BOOL_CONVERSION = YES;
				CLANG_WARN_COMMA = YES;
				CLANG_WARN_CONSTANT_CONVERSION = YES;
				CLANG_WARN_DEPRECATED_OBJC_IMPLEMENTATIONS = YES;
				CLANG_WARN_DIRECT_OBJC_ISA_USAGE = YES_ERROR;
				CLANG_WARN_DOCUMENTATION_COMMENTS = YES;
				CLANG_WARN_EMPTY_BODY = YES;
				CLANG_WARN_ENUM_CONVERSION = YES;
				CLANG_WARN_INFINITE_RECURSION = YES;
				CLANG_WARN_INT_CONVERSION = YES;
				CLANG_WARN_NON_LITERAL_NULL_CONVERSION = YES;
				CLANG_WARN_OBJC_IMPLICIT_RETAIN_SELF = YES;
				CLANG_WARN_OBJC_LITERAL_CONVERSION = YES;
				CLANG_WARN_OBJC_ROOT_CLASS = YES_ERROR;
				CLANG_WARN_RANGE_LOOP_ANALYSIS = YES;
				CLANG_WARN_STRICT_PROTOTYPES = YES;
				CLANG_WARN_SUSPICIOUS_MOVE = YES;
				CLANG_WARN_UNGUARDED_AVAILABILITY = YES_AGGRESSIVE;
				CLANG_WARN_UNREACHABLE_CODE = YES;
				CLANG_WARN__DUPLICATE_METHOD_MATCH = YES;
				CODE_SIGN_IDENTITY = "iPhone Developer";
				COPY_PHASE_STRIP = NO;
				CURRENT_PROJECT_VERSION = 1;
				DEBUG_INFORMATION_FORMAT = "dwarf-with-dsym";
				ENABLE_NS_ASSERTIONS = NO;
				ENABLE_STRICT_OBJC_MSGSEND = YES;
				GCC_C_LANGUAGE_STANDARD = gnu11;
				GCC_NO_COMMON_BLOCKS = YES;
				GCC_WARN_64_TO_32_BIT_CONVERSION = YES;
				GCC_WARN_ABOUT_RETURN_TYPE = YES_ERROR;
				GCC_WARN_UNDECLARED_SELECTOR = YES;
				GCC_WARN_UNINITIALIZED_AUTOS = YES_AGGRESSIVE;
				GCC_WARN_UNUSED_FUNCTION = YES;
				GCC_WARN_UNUSED_VARIABLE = YES;
				IPHONEOS_DEPLOYMENT_TARGET = 11.3;
				MTL_ENABLE_DEBUG_INFO = NO;
				SDKROOT = iphoneos;
				VALIDATE_PRODUCT = YES;
				VERSIONING_SYSTEM = "apple-generic";
				VERSION_INFO_PREFIX = "";
			};
			name = Release;
		};
		CFC9669F20BE6CDC00934C6A /* Debug */ = {
			isa = XCBuildConfiguration;
			buildSettings = {
				CODE_SIGN_IDENTITY = "";
				CODE_SIGN_STYLE = Automatic;
				DEFINES_MODULE = YES;
				DEVELOPMENT_TEAM = J87CN7373S;
				DYLIB_COMPATIBILITY_VERSION = 1;
				DYLIB_CURRENT_VERSION = 1;
				DYLIB_INSTALL_NAME_BASE = "@rpath";
				INFOPLIST_FILE = SPFramework/Info.plist;
				INSTALL_PATH = "$(LOCAL_LIBRARY_DIR)/Frameworks";
				LD_RUNPATH_SEARCH_PATHS = (
					"$(inherited)",
					"@executable_path/Frameworks",
					"@loader_path/Frameworks",
				);
				PRODUCT_BUNDLE_IDENTIFIER = com.sp.SPFramework;
				PRODUCT_NAME = "$(TARGET_NAME:c99extidentifier)";
				SKIP_INSTALL = YES;
				TARGETED_DEVICE_FAMILY = "1,2";
			};
			name = Debug;
		};
		CFC966A020BE6CDC00934C6A /* Release */ = {
			isa = XCBuildConfiguration;
			buildSettings = {
				CODE_SIGN_IDENTITY = "";
				CODE_SIGN_STYLE = Automatic;
				DEFINES_MODULE = YES;
				DEVELOPMENT_TEAM = J87CN7373S;
				DYLIB_COMPATIBILITY_VERSION = 1;
				DYLIB_CURRENT_VERSION = 1;
				DYLIB_INSTALL_NAME_BASE = "@rpath";
				INFOPLIST_FILE = SPFramework/Info.plist;
				INSTALL_PATH = "$(LOCAL_LIBRARY_DIR)/Frameworks";
				LD_RUNPATH_SEARCH_PATHS = (
					"$(inherited)",
					"@executable_path/Frameworks",
					"@loader_path/Frameworks",
				);
				PRODUCT_BUNDLE_IDENTIFIER = com.sp.SPFramework;
				PRODUCT_NAME = "$(TARGET_NAME:c99extidentifier)";
				SKIP_INSTALL = YES;
				TARGETED_DEVICE_FAMILY = "1,2";
			};
			name = Release;
		};
		CFC966A220BE6CDC00934C6A /* Debug */ = {
			isa = XCBuildConfiguration;
			buildSettings = {
				CODE_SIGN_STYLE = Automatic;
				DEVELOPMENT_TEAM = J87CN7373S;
				INFOPLIST_FILE = SPFrameworkTests/Info.plist;
				LD_RUNPATH_SEARCH_PATHS = (
					"$(inherited)",
					"@executable_path/Frameworks",
					"@loader_path/Frameworks",
				);
				PRODUCT_BUNDLE_IDENTIFIER = com.sp.SPFrameworkTests;
				PRODUCT_NAME = "$(TARGET_NAME)";
				TARGETED_DEVICE_FAMILY = "1,2";
			};
			name = Debug;
		};
		CFC966A320BE6CDC00934C6A /* Release */ = {
			isa = XCBuildConfiguration;
			buildSettings = {
				CODE_SIGN_STYLE = Automatic;
				DEVELOPMENT_TEAM = J87CN7373S;
				INFOPLIST_FILE = SPFrameworkTests/Info.plist;
				LD_RUNPATH_SEARCH_PATHS = (
					"$(inherited)",
					"@executable_path/Frameworks",
					"@loader_path/Frameworks",
				);
				PRODUCT_BUNDLE_IDENTIFIER = com.sp.SPFrameworkTests;
				PRODUCT_NAME = "$(TARGET_NAME)";
				TARGETED_DEVICE_FAMILY = "1,2";
			};
			name = Release;
		};
		CFC966AE20BE6E2800934C6A /* Debug */ = {
			isa = XCBuildConfiguration;
			buildSettings = {
				CODE_SIGN_STYLE = Automatic;
				DEVELOPMENT_TEAM = J87CN7373S;
				PRODUCT_NAME = "$(TARGET_NAME)";
			};
			name = Debug;
		};
		CFC966AF20BE6E2800934C6A /* Release */ = {
			isa = XCBuildConfiguration;
			buildSettings = {
				CODE_SIGN_STYLE = Automatic;
				DEVELOPMENT_TEAM = J87CN7373S;
				PRODUCT_NAME = "$(TARGET_NAME)";
			};
			name = Release;
		};
/* End XCBuildConfiguration section */

/* Begin XCConfigurationList section */
		CFC9668420BE6CDC00934C6A /* Build configuration list for PBXProject "SPFramework" */ = {
			isa = XCConfigurationList;
			buildConfigurations = (
				CFC9669C20BE6CDC00934C6A /* Debug */,
				CFC9669D20BE6CDC00934C6A /* Release */,
			);
			defaultConfigurationIsVisible = 0;
			defaultConfigurationName = Release;
		};
		CFC9669E20BE6CDC00934C6A /* Build configuration list for PBXNativeTarget "SPFramework" */ = {
			isa = XCConfigurationList;
			buildConfigurations = (
				CFC9669F20BE6CDC00934C6A /* Debug */,
				CFC966A020BE6CDC00934C6A /* Release */,
			);
			defaultConfigurationIsVisible = 0;
			defaultConfigurationName = Release;
		};
		CFC966A120BE6CDC00934C6A /* Build configuration list for PBXNativeTarget "SPFrameworkTests" */ = {
			isa = XCConfigurationList;
			buildConfigurations = (
				CFC966A220BE6CDC00934C6A /* Debug */,
				CFC966A320BE6CDC00934C6A /* Release */,
			);
			defaultConfigurationIsVisible = 0;
			defaultConfigurationName = Release;
		};
		CFC966AD20BE6E2800934C6A /* Build configuration list for PBXAggregateTarget "SPTarget" */ = {
			isa = XCConfigurationList;
			buildConfigurations = (
				CFC966AE20BE6E2800934C6A /* Debug */,
				CFC966AF20BE6E2800934C6A /* Release */,
			);
			defaultConfigurationIsVisible = 0;
			defaultConfigurationName = Release;
		};
/* End XCConfigurationList section */
	};
	rootObject = CFC9668120BE6CDC00934C6A /* Project object */;
}
